
Microsoft Visual Studio Solution File, Format Version 11.00
# Visual Studio 2010
Project("{F088123C-0E9E-452A-89E6-6BA2F21D5CAC}") = "ModelingProject", "ModelingProject\ModelingProject.modelproj", "{78F4DE91-EEF0-49D1-B892-22F1287C4363}"
EndProject
Global
	GlobalSection(SolutionConfigurationPlatforms) = preSolution
		Debug|Any CPU = Debug|Any CPU
		Release|Any CPU = Release|Any CPU
	EndGlobalSection
	GlobalSection(ProjectConfigurationPlatforms) = postSolution
		{78F4DE91-EEF0-49D1-B892-22F1287C4363}.Debug|Any CPU.ActiveCfg = Debug|Any CPU
		{78F4DE91-EEF0-49D1-B892-22F1287C4363}.Debug|Any CPU.Build.0 = Debug|Any CPU
		{78F4DE91-EEF0-49D1-B892-22F1287C4363}.Release|Any CPU.ActiveCfg = Release|Any CPU
		{78F4DE91-EEF0-49D1-B892-22F1287C4363}.Release|Any CPU.Build.0 = Release|Any CPU
	EndGlobalSection
	GlobalSection(SolutionProperties) = preSolution
		HideSolutionNode = FALSE
	EndGlobalSection
EndGlobal
